
Microsoft Visual Studio Solution File, Format Version 12.00
# Visual Studio 15
VisualStudioVersion = 15.0.26730.12
MinimumVisualStudioVersion = 10.0.40219.1
Project("{FAE04EC0-301F-11D3-BF4B-00C04F79EFBC}") = "MovieChallenge", "MovieChallenge\MovieChallenge.csproj", "{D818EC34-49E6-4FCA-BD1A-4E41099C6AD2}"
EndProject
Global
	GlobalSection(SolutionConfigurationPlatforms) = preSolution
		Debug|Any CPU = Debug|Any CPU
		Release|Any CPU = Release|Any CPU
	EndGlobalSection
	GlobalSection(ProjectConfigurationPlatforms) = postSolution
		{D818EC34-49E6-4FCA-BD1A-4E41099C6AD2}.Debug|Any CPU.ActiveCfg = Debug|Any CPU
		{D818EC34-49E6-4FCA-BD1A-4E41099C6AD2}.Debug|Any CPU.Build.0 = Debug|Any CPU
		{D818EC34-49E6-4FCA-BD1A-4E41099C6AD2}.Release|Any CPU.ActiveCfg = Release|Any CPU
		{D818EC34-49E6-4FCA-BD1A-4E41099C6AD2}.Release|Any CPU.Build.0 = Release|Any CPU
	EndGlobalSection
	GlobalSection(SolutionProperties) = preSolution
		HideSolutionNode = FALSE
	EndGlobalSection
	GlobalSection(ExtensibilityGlobals) = postSolution
		SolutionGuid = {3F853709-6FA5-4FEE-B3C9-0197DE556F67}
	EndGlobalSection
EndGlobal
